
Microsoft Visual Studio Solution File, Format Version 12.00
# Visual Studio Version 17
VisualStudioVersion = 17.0.32014.148
MinimumVisualStudioVersion = 10.0.40219.1
Project("{FAE04EC0-301F-11D3-BF4B-00C04F79EFBC}") = "ErrorProvider", "ErrorProvider.csproj", "{FD01DA94-42E1-4375-97A6-DCD5A1489AA1}"
EndProject
Global
	GlobalSection(SolutionConfigurationPlatforms) = preSolution
		Debug|Any CPU = Debug|Any CPU
		Release|Any CPU = Release|Any CPU
	EndGlobalSection
	GlobalSection(ProjectConfigurationPlatforms) = postSolution
		{FD01DA94-42E1-4375-97A6-DCD5A1489AA1}.Debug|Any CPU.ActiveCfg = Debug|Any CPU
		{FD01DA94-42E1-4375-97A6-DCD5A1489AA1}.Debug|Any CPU.Build.0 = Debug|Any CPU
		{FD01DA94-42E1-4375-97A6-DCD5A1489AA1}.Release|Any CPU.ActiveCfg = Release|Any CPU
		{FD01DA94-42E1-4375-97A6-DCD5A1489AA1}.Release|Any CPU.Build.0 = Release|Any CPU
	EndGlobalSection
	GlobalSection(SolutionProperties) = preSolution
		HideSolutionNode = FALSE
	EndGlobalSection
	GlobalSection(ExtensibilityGlobals) = postSolution
		SolutionGuid = {AA35B3DE-71E5-4983-A336-0541DB19F080}
	EndGlobalSection
EndGlobal
