
Microsoft Visual Studio Solution File, Format Version 12.00
# Visual Studio Version 17
VisualStudioVersion = 17.0.32014.148
MinimumVisualStudioVersion = 10.0.40219.1
Project("{FAE04EC0-301F-11D3-BF4B-00C04F79EFBC}") = "DateTimePicker", "DateTimePicker.csproj", "{DCB066FB-9811-46F7-B6D5-5B31FB817FE7}"
EndProject
Global
	GlobalSection(SolutionConfigurationPlatforms) = preSolution
		Debug|Any CPU = Debug|Any CPU
		Release|Any CPU = Release|Any CPU
	EndGlobalSection
	GlobalSection(ProjectConfigurationPlatforms) = postSolution
		{DCB066FB-9811-46F7-B6D5-5B31FB817FE7}.Debug|Any CPU.ActiveCfg = Debug|Any CPU
		{DCB066FB-9811-46F7-B6D5-5B31FB817FE7}.Debug|Any CPU.Build.0 = Debug|Any CPU
		{DCB066FB-9811-46F7-B6D5-5B31FB817FE7}.Release|Any CPU.ActiveCfg = Release|Any CPU
		{DCB066FB-9811-46F7-B6D5-5B31FB817FE7}.Release|Any CPU.Build.0 = Release|Any CPU
	EndGlobalSection
	GlobalSection(SolutionProperties) = preSolution
		HideSolutionNode = FALSE
	EndGlobalSection
	GlobalSection(ExtensibilityGlobals) = postSolution
		SolutionGuid = {4D9AEB69-F1F3-4F03-ADFF-634170B5B307}
	EndGlobalSection
EndGlobal
