
Microsoft Visual Studio Solution File, Format Version 12.00
# Visual Studio Version 17
VisualStudioVersion = 17.0.32014.148
MinimumVisualStudioVersion = 10.0.40219.1
Project("{FAE04EC0-301F-11D3-BF4B-00C04F79EFBC}") = "ClassAndObject", "ClassAndObject.csproj", "{20B944CA-10E0-4632-9B07-7DE2F2C79298}"
EndProject
Global
	GlobalSection(SolutionConfigurationPlatforms) = preSolution
		Debug|Any CPU = Debug|Any CPU
		Release|Any CPU = Release|Any CPU
	EndGlobalSection
	GlobalSection(ProjectConfigurationPlatforms) = postSolution
		{20B944CA-10E0-4632-9B07-7DE2F2C79298}.Debug|Any CPU.ActiveCfg = Debug|Any CPU
		{20B944CA-10E0-4632-9B07-7DE2F2C79298}.Debug|Any CPU.Build.0 = Debug|Any CPU
		{20B944CA-10E0-4632-9B07-7DE2F2C79298}.Release|Any CPU.ActiveCfg = Release|Any CPU
		{20B944CA-10E0-4632-9B07-7DE2F2C79298}.Release|Any CPU.Build.0 = Release|Any CPU
	EndGlobalSection
	GlobalSection(SolutionProperties) = preSolution
		HideSolutionNode = FALSE
	EndGlobalSection
	GlobalSection(ExtensibilityGlobals) = postSolution
		SolutionGuid = {1DF807A2-3060-4DBA-92E2-B2E3043A05AA}
	EndGlobalSection
EndGlobal
