
Microsoft Visual Studio Solution File, Format Version 12.00
# Visual Studio Version 17
VisualStudioVersion = 17.0.32014.148
MinimumVisualStudioVersion = 10.0.40219.1
Project("{FAE04EC0-301F-11D3-BF4B-00C04F79EFBC}") = "type_casting", "type_casting\type_casting.csproj", "{DB64E7DC-9230-474F-91CD-4C28E632DCF7}"
EndProject
Global
	GlobalSection(SolutionConfigurationPlatforms) = preSolution
		Debug|Any CPU = Debug|Any CPU
		Release|Any CPU = Release|Any CPU
	EndGlobalSection
	GlobalSection(ProjectConfigurationPlatforms) = postSolution
		{DB64E7DC-9230-474F-91CD-4C28E632DCF7}.Debug|Any CPU.ActiveCfg = Debug|Any CPU
		{DB64E7DC-9230-474F-91CD-4C28E632DCF7}.Debug|Any CPU.Build.0 = Debug|Any CPU
		{DB64E7DC-9230-474F-91CD-4C28E632DCF7}.Release|Any CPU.ActiveCfg = Release|Any CPU
		{DB64E7DC-9230-474F-91CD-4C28E632DCF7}.Release|Any CPU.Build.0 = Release|Any CPU
	EndGlobalSection
	GlobalSection(SolutionProperties) = preSolution
		HideSolutionNode = FALSE
	EndGlobalSection
	GlobalSection(ExtensibilityGlobals) = postSolution
		SolutionGuid = {19325949-2083-41EA-9299-DD1E16F0380F}
	EndGlobalSection
EndGlobal
