
Microsoft Visual Studio Solution File, Format Version 12.00
# Visual Studio Version 17
VisualStudioVersion = 17.0.32014.148
MinimumVisualStudioVersion = 10.0.40219.1
Project("{FAE04EC0-301F-11D3-BF4B-00C04F79EFBC}") = "user_input", "user_input\user_input.csproj", "{14299FD3-82D1-4114-B189-19E579766320}"
EndProject
Global
	GlobalSection(SolutionConfigurationPlatforms) = preSolution
		Debug|Any CPU = Debug|Any CPU
		Release|Any CPU = Release|Any CPU
	EndGlobalSection
	GlobalSection(ProjectConfigurationPlatforms) = postSolution
		{14299FD3-82D1-4114-B189-19E579766320}.Debug|Any CPU.ActiveCfg = Debug|Any CPU
		{14299FD3-82D1-4114-B189-19E579766320}.Debug|Any CPU.Build.0 = Debug|Any CPU
		{14299FD3-82D1-4114-B189-19E579766320}.Release|Any CPU.ActiveCfg = Release|Any CPU
		{14299FD3-82D1-4114-B189-19E579766320}.Release|Any CPU.Build.0 = Release|Any CPU
	EndGlobalSection
	GlobalSection(SolutionProperties) = preSolution
		HideSolutionNode = FALSE
	EndGlobalSection
	GlobalSection(ExtensibilityGlobals) = postSolution
		SolutionGuid = {D2998DA6-D7F5-4F0F-9446-8F24D4703BEA}
	EndGlobalSection
EndGlobal
