
Microsoft Visual Studio Solution File, Format Version 12.00
# Visual Studio Version 17
VisualStudioVersion = 17.0.32014.148
MinimumVisualStudioVersion = 10.0.40219.1
Project("{FAE04EC0-301F-11D3-BF4B-00C04F79EFBC}") = "testMyFirstClassLibraryProject", "testMyFirstClassLibraryProject.csproj", "{1D83A6A9-74A7-4684-990B-1D2BFF86B1D4}"
EndProject
Project("{FAE04EC0-301F-11D3-BF4B-00C04F79EFBC}") = "myFirstClassLibrary", "..\myFirstClassLibrary\myFirstClassLibrary.csproj", "{EB9B4385-97CC-4D15-B606-605479D3137E}"
EndProject
Global
	GlobalSection(SolutionConfigurationPlatforms) = preSolution
		Debug|Any CPU = Debug|Any CPU
		Release|Any CPU = Release|Any CPU
	EndGlobalSection
	GlobalSection(ProjectConfigurationPlatforms) = postSolution
		{1D83A6A9-74A7-4684-990B-1D2BFF86B1D4}.Debug|Any CPU.ActiveCfg = Debug|Any CPU
		{1D83A6A9-74A7-4684-990B-1D2BFF86B1D4}.Debug|Any CPU.Build.0 = Debug|Any CPU
		{1D83A6A9-74A7-4684-990B-1D2BFF86B1D4}.Release|Any CPU.ActiveCfg = Release|Any CPU
		{1D83A6A9-74A7-4684-990B-1D2BFF86B1D4}.Release|Any CPU.Build.0 = Release|Any CPU
		{EB9B4385-97CC-4D15-B606-605479D3137E}.Debug|Any CPU.ActiveCfg = Debug|Any CPU
		{EB9B4385-97CC-4D15-B606-605479D3137E}.Debug|Any CPU.Build.0 = Debug|Any CPU
		{EB9B4385-97CC-4D15-B606-605479D3137E}.Release|Any CPU.ActiveCfg = Release|Any CPU
		{EB9B4385-97CC-4D15-B606-605479D3137E}.Release|Any CPU.Build.0 = Release|Any CPU
	EndGlobalSection
	GlobalSection(SolutionProperties) = preSolution
		HideSolutionNode = FALSE
	EndGlobalSection
	GlobalSection(ExtensibilityGlobals) = postSolution
		SolutionGuid = {315B31D3-04DE-4ECE-A653-EE452A21EB58}
	EndGlobalSection
EndGlobal
