
Microsoft Visual Studio Solution File, Format Version 12.00
# Visual Studio Version 17
VisualStudioVersion = 17.0.32014.148
MinimumVisualStudioVersion = 10.0.40219.1
Project("{FAE04EC0-301F-11D3-BF4B-00C04F79EFBC}") = "impelmentingMultipleInterfaces", "impelmentingMultipleInterfaces.csproj", "{360C8BBF-16F9-4352-BBFB-0C246D5D6E97}"
EndProject
Global
	GlobalSection(SolutionConfigurationPlatforms) = preSolution
		Debug|Any CPU = Debug|Any CPU
		Release|Any CPU = Release|Any CPU
	EndGlobalSection
	GlobalSection(ProjectConfigurationPlatforms) = postSolution
		{360C8BBF-16F9-4352-BBFB-0C246D5D6E97}.Debug|Any CPU.ActiveCfg = Debug|Any CPU
		{360C8BBF-16F9-4352-BBFB-0C246D5D6E97}.Debug|Any CPU.Build.0 = Debug|Any CPU
		{360C8BBF-16F9-4352-BBFB-0C246D5D6E97}.Release|Any CPU.ActiveCfg = Release|Any CPU
		{360C8BBF-16F9-4352-BBFB-0C246D5D6E97}.Release|Any CPU.Build.0 = Release|Any CPU
	EndGlobalSection
	GlobalSection(SolutionProperties) = preSolution
		HideSolutionNode = FALSE
	EndGlobalSection
	GlobalSection(ExtensibilityGlobals) = postSolution
		SolutionGuid = {E018E096-A216-4AFA-9E51-6A309FF2E305}
	EndGlobalSection
EndGlobal
