
Microsoft Visual Studio Solution File, Format Version 12.00
# Visual Studio Version 17
VisualStudioVersion = 17.0.32014.148
MinimumVisualStudioVersion = 10.0.40219.1
Project("{FAE04EC0-301F-11D3-BF4B-00C04F79EFBC}") = "TreeView", "TreeView.csproj", "{C3243F02-4DA6-4B70-9538-418EA46D7FBB}"
EndProject
Global
	GlobalSection(SolutionConfigurationPlatforms) = preSolution
		Debug|Any CPU = Debug|Any CPU
		Release|Any CPU = Release|Any CPU
	EndGlobalSection
	GlobalSection(ProjectConfigurationPlatforms) = postSolution
		{C3243F02-4DA6-4B70-9538-418EA46D7FBB}.Debug|Any CPU.ActiveCfg = Debug|Any CPU
		{C3243F02-4DA6-4B70-9538-418EA46D7FBB}.Debug|Any CPU.Build.0 = Debug|Any CPU
		{C3243F02-4DA6-4B70-9538-418EA46D7FBB}.Release|Any CPU.ActiveCfg = Release|Any CPU
		{C3243F02-4DA6-4B70-9538-418EA46D7FBB}.Release|Any CPU.Build.0 = Release|Any CPU
	EndGlobalSection
	GlobalSection(SolutionProperties) = preSolution
		HideSolutionNode = FALSE
	EndGlobalSection
	GlobalSection(ExtensibilityGlobals) = postSolution
		SolutionGuid = {D9985F8F-855C-42B6-B374-7E28A97E5449}
	EndGlobalSection
EndGlobal
